
Microsoft Visual Studio Solution File, Format Version 12.00
# Visual Studio Version 16
VisualStudioVersion = 16.0.31624.102
MinimumVisualStudioVersion = 10.0.40219.1
Project("{FAE04EC0-301F-11D3-BF4B-00C04F79EFBC}") = "kieraninvest4u1", "kieraninvest4u1.csproj", "{7648AB13-1A97-4BBB-9219-02055F56957B}"
EndProject
Global
	GlobalSection(SolutionConfigurationPlatforms) = preSolution
		Debug|Any CPU = Debug|Any CPU
		Release|Any CPU = Release|Any CPU
	EndGlobalSection
	GlobalSection(ProjectConfigurationPlatforms) = postSolution
		{7648AB13-1A97-4BBB-9219-02055F56957B}.Debug|Any CPU.ActiveCfg = Debug|Any CPU
		{7648AB13-1A97-4BBB-9219-02055F56957B}.Debug|Any CPU.Build.0 = Debug|Any CPU
		{7648AB13-1A97-4BBB-9219-02055F56957B}.Release|Any CPU.ActiveCfg = Release|Any CPU
		{7648AB13-1A97-4BBB-9219-02055F56957B}.Release|Any CPU.Build.0 = Release|Any CPU
	EndGlobalSection
	GlobalSection(SolutionProperties) = preSolution
		HideSolutionNode = FALSE
	EndGlobalSection
	GlobalSection(ExtensibilityGlobals) = postSolution
		SolutionGuid = {73437BAA-9335-42CF-9A9F-89F8CE9A7EDE}
	EndGlobalSection
EndGlobal
